// !$*UTF8*$!
{
	archiveVersion = 1;
	classes = {
	};
	objectVersion = 50;
	objects = {

/* Begin PBXBuildFile section */
		84673F6E22262EC6007844E9 /* AppDelegate.swift in Sources */ = {isa = PBXBuildFile; fileRef = 84673F6D22262EC6007844E9 /* AppDelegate.swift */; };
		84673F7022262EC6007844E9 /* ViewController.swift in Sources */ = {isa = PBXBuildFile; fileRef = 84673F6F22262EC6007844E9 /* ViewController.swift */; };
		84673F7322262EC6007844E9 /* Main.storyboard in Resources */ = {isa = PBXBuildFile; fileRef = 84673F7122262EC6007844E9 /* Main.storyboard */; };
		84673F7522262EC7007844E9 /* Assets.xcassets in Resources */ = {isa = PBXBuildFile; fileRef = 84673F7422262EC7007844E9 /* Assets.xcassets */; };
		84673F7822262EC7007844E9 /* LaunchScreen.storyboard in Resources */ = {isa = PBXBuildFile; fileRef = 84673F7622262EC7007844E9 /* LaunchScreen.storyboard */; };
		84673F8322262EC7007844E9 /* TestTests.swift in Sources */ = {isa = PBXBuildFile; fileRef = 84673F8222262EC7007844E9 /* TestTests.swift */; };
		84673F8E22262EC7007844E9 /* TestUITests.swift in Sources */ = {isa = PBXBuildFile; fileRef = 84673F8D22262EC7007844E9 /* TestUITests.swift */; };
		84673FA822268E67007844E9 /* Controller.swift in Sources */ = {isa = PBXBuildFile; fileRef = 84673FA722268E67007844E9 /* Controller.swift */; };
		84673FAE2226A46E007844E9 /* Login.storyboard in Resources */ = {isa = PBXBuildFile; fileRef = 84673FAD2226A46E007844E9 /* Login.storyboard */; };
		84673FB02226A493007844E9 /* Login2ViewController.swift in Sources */ = {isa = PBXBuildFile; fileRef = 84673FAF2226A493007844E9 /* Login2ViewController.swift */; };
		84EB7A5922277A490044C51D /* Register.storyboard in Resources */ = {isa = PBXBuildFile; fileRef = 84EB7A5822277A490044C51D /* Register.storyboard */; };
		84EB7A5B22277EA00044C51D /* Register2ViewController.swift in Sources */ = {isa = PBXBuildFile; fileRef = 84EB7A5A22277EA00044C51D /* Register2ViewController.swift */; };
		84EB7A5F22278F900044C51D /* TableViewTest.storyboard in Resources */ = {isa = PBXBuildFile; fileRef = 84EB7A5E22278F900044C51D /* TableViewTest.storyboard */; };
		84EB7A6322278FFC0044C51D /* TableViewTestViewController.swift in Sources */ = {isa = PBXBuildFile; fileRef = 84EB7A6222278FFC0044C51D /* TableViewTestViewController.swift */; };
		84EB7A6822279B1A0044C51D /* TestCell.swift in Sources */ = {isa = PBXBuildFile; fileRef = 84EB7A6722279B1A0044C51D /* TestCell.swift */; };
		84EB7A6A22279B290044C51D /* TestCell.xib in Resources */ = {isa = PBXBuildFile; fileRef = 84EB7A6922279B290044C51D /* TestCell.xib */; };
		84EB7A6C2227AE920044C51D /* UnknownResponse.swift in Sources */ = {isa = PBXBuildFile; fileRef = 84EB7A6B2227AE920044C51D /* UnknownResponse.swift */; };
		A415E41648154E1B6242E2C6 /* Pods_Test.framework in Frameworks */ = {isa = PBXBuildFile; fileRef = A88920446A91CB3B9E090D07 /* Pods_Test.framework */; };
/* End PBXBuildFile section */

/* Begin PBXContainerItemProxy section */
		84673F7F22262EC7007844E9 /* PBXContainerItemProxy */ = {
			isa = PBXContainerItemProxy;
			containerPortal = 84673F6222262EC6007844E9 /* Project object */;
			proxyType = 1;
			remoteGlobalIDString = 84673F6922262EC6007844E9;
			remoteInfo = Test;
		};
		84673F8A22262EC7007844E9 /* PBXContainerItemProxy */ = {
			isa = PBXContainerItemProxy;
			containerPortal = 84673F6222262EC6007844E9 /* Project object */;
			proxyType = 1;
			remoteGlobalIDString = 84673F6922262EC6007844E9;
			remoteInfo = Test;
		};
/* End PBXContainerItemProxy section */

/* Begin PBXFileReference section */
		094612BF4BB0D8070E161658 /* Pods-Test.release.xcconfig */ = {isa = PBXFileReference; includeInIndex = 1; lastKnownFileType = text.xcconfig; name = "Pods-Test.release.xcconfig"; path = "Target Support Files/Pods-Test/Pods-Test.release.xcconfig"; sourceTree = "<group>"; };
		1FF93ED7658848AB672839A5 /* Pods-Test.debug.xcconfig */ = {isa = PBXFileReference; includeInIndex = 1; lastKnownFileType = text.xcconfig; name = "Pods-Test.debug.xcconfig"; path = "Target Support Files/Pods-Test/Pods-Test.debug.xcconfig"; sourceTree = "<group>"; };
		58E646773537A18F8319FD71 /* Pods_TestTests.framework */ = {isa = PBXFileReference; explicitFileType = wrapper.framework; includeInIndex = 0; path = Pods_TestTests.framework; sourceTree = BUILT_PRODUCTS_DIR; };
		84673F6A22262EC6007844E9 /* Test.app */ = {isa = PBXFileReference; explicitFileType = wrapper.application; includeInIndex = 0; path = Test.app; sourceTree = BUILT_PRODUCTS_DIR; };
		84673F6D22262EC6007844E9 /* AppDelegate.swift */ = {isa = PBXFileReference; lastKnownFileType = sourcecode.swift; path = AppDelegate.swift; sourceTree = "<group>"; };
		84673F6F22262EC6007844E9 /* ViewController.swift */ = {isa = PBXFileReference; lastKnownFileType = sourcecode.swift; path = ViewController.swift; sourceTree = "<group>"; };
		84673F7222262EC6007844E9 /* Base */ = {isa = PBXFileReference; lastKnownFileType = file.storyboard; name = Base; path = Base.lproj/Main.storyboard; sourceTree = "<group>"; };
		84673F7422262EC7007844E9 /* Assets.xcassets */ = {isa = PBXFileReference; lastKnownFileType = folder.assetcatalog; path = Assets.xcassets; sourceTree = "<group>"; };
		84673F7722262EC7007844E9 /* Base */ = {isa = PBXFileReference; lastKnownFileType = file.storyboard; name = Base; path = Base.lproj/LaunchScreen.storyboard; sourceTree = "<group>"; };
		84673F7922262EC7007844E9 /* Info.plist */ = {isa = PBXFileReference; lastKnownFileType = text.plist.xml; path = Info.plist; sourceTree = "<group>"; };
		84673F7E22262EC7007844E9 /* TestTests.xctest */ = {isa = PBXFileReference; explicitFileType = wrapper.cfbundle; includeInIndex = 0; path = TestTests.xctest; sourceTree = BUILT_PRODUCTS_DIR; };
		84673F8222262EC7007844E9 /* TestTests.swift */ = {isa = PBXFileReference; lastKnownFileType = sourcecode.swift; path = TestTests.swift; sourceTree = "<group>"; };
		84673F8422262EC7007844E9 /* Info.plist */ = {isa = PBXFileReference; lastKnownFileType = text.plist.xml; path = Info.plist; sourceTree = "<group>"; };
		84673F8922262EC7007844E9 /* TestUITests.xctest */ = {isa = PBXFileReference; explicitFileType = wrapper.cfbundle; includeInIndex = 0; path = TestUITests.xctest; sourceTree = BUILT_PRODUCTS_DIR; };
		84673F8D22262EC7007844E9 /* TestUITests.swift */ = {isa = PBXFileReference; lastKnownFileType = sourcecode.swift; path = TestUITests.swift; sourceTree = "<group>"; };
		84673F8F22262EC7007844E9 /* Info.plist */ = {isa = PBXFileReference; lastKnownFileType = text.plist.xml; path = Info.plist; sourceTree = "<group>"; };
		84673FA722268E67007844E9 /* Controller.swift */ = {isa = PBXFileReference; lastKnownFileType = sourcecode.swift; path = Controller.swift; sourceTree = "<group>"; };
		84673FAD2226A46E007844E9 /* Login.storyboard */ = {isa = PBXFileReference; lastKnownFileType = file.storyboard; path = Login.storyboard; sourceTree = "<group>"; };
		84673FAF2226A493007844E9 /* Login2ViewController.swift */ = {isa = PBXFileReference; lastKnownFileType = sourcecode.swift; path = Login2ViewController.swift; sourceTree = "<group>"; };
		84EB7A5822277A490044C51D /* Register.storyboard */ = {isa = PBXFileReference; lastKnownFileType = file.storyboard; path = Register.storyboard; sourceTree = "<group>"; };
		84EB7A5A22277EA00044C51D /* Register2ViewController.swift */ = {isa = PBXFileReference; lastKnownFileType = sourcecode.swift; path = Register2ViewController.swift; sourceTree = "<group>"; };
		84EB7A5E22278F900044C51D /* TableViewTest.storyboard */ = {isa = PBXFileReference; lastKnownFileType = file.storyboard; path = TableViewTest.storyboard; sourceTree = "<group>"; };
		84EB7A6222278FFC0044C51D /* TableViewTestViewController.swift */ = {isa = PBXFileReference; lastKnownFileType = sourcecode.swift; path = TableViewTestViewController.swift; sourceTree = "<group>"; };
		84EB7A6722279B1A0044C51D /* TestCell.swift */ = {isa = PBXFileReference; lastKnownFileType = sourcecode.swift; path = TestCell.swift; sourceTree = "<group>"; };
		84EB7A6922279B290044C51D /* TestCell.xib */ = {isa = PBXFileReference; lastKnownFileType = file.xib; path = TestCell.xib; sourceTree = "<group>"; };
		84EB7A6B2227AE920044C51D /* UnknownResponse.swift */ = {isa = PBXFileReference; lastKnownFileType = sourcecode.swift; path = UnknownResponse.swift; sourceTree = "<group>"; };
		A88920446A91CB3B9E090D07 /* Pods_Test.framework */ = {isa = PBXFileReference; explicitFileType = wrapper.framework; includeInIndex = 0; path = Pods_Test.framework; sourceTree = BUILT_PRODUCTS_DIR; };
		F9BF213F1595D32451437FB8 /* Pods_TestUITests.framework */ = {isa = PBXFileReference; explicitFileType = wrapper.framework; includeInIndex = 0; path = Pods_TestUITests.framework; sourceTree = BUILT_PRODUCTS_DIR; };
/* End PBXFileReference section */

/* Begin PBXFrameworksBuildPhase section */
		84673F6722262EC6007844E9 /* Frameworks */ = {
			isa = PBXFrameworksBuildPhase;
			buildActionMask = 2147483647;
			files = (
				A415E41648154E1B6242E2C6 /* Pods_Test.framework in Frameworks */,
			);
			runOnlyForDeploymentPostprocessing = 0;
		};
		84673F7B22262EC7007844E9 /* Frameworks */ = {
			isa = PBXFrameworksBuildPhase;
			buildActionMask = 2147483647;
			files = (
			);
			runOnlyForDeploymentPostprocessing = 0;
		};
		84673F8622262EC7007844E9 /* Frameworks */ = {
			isa = PBXFrameworksBuildPhase;
			buildActionMask = 2147483647;
			files = (
			);
			runOnlyForDeploymentPostprocessing = 0;
		};
/* End PBXFrameworksBuildPhase section */

/* Begin PBXGroup section */
		13E7F920DCBEA9FD7F784FCE /* Frameworks */ = {
			isa = PBXGroup;
			children = (
				A88920446A91CB3B9E090D07 /* Pods_Test.framework */,
				58E646773537A18F8319FD71 /* Pods_TestTests.framework */,
				F9BF213F1595D32451437FB8 /* Pods_TestUITests.framework */,
			);
			name = Frameworks;
			sourceTree = "<group>";
		};
		84673F6122262EC6007844E9 = {
			isa = PBXGroup;
			children = (
				84673F6C22262EC6007844E9 /* Test */,
				84673F8122262EC7007844E9 /* TestTests */,
				84673F8C22262EC7007844E9 /* TestUITests */,
				84673F6B22262EC6007844E9 /* Products */,
				E31CF9440D98A738479046E0 /* Pods */,
				13E7F920DCBEA9FD7F784FCE /* Frameworks */,
			);
			sourceTree = "<group>";
		};
		84673F6B22262EC6007844E9 /* Products */ = {
			isa = PBXGroup;
			children = (
				84673F6A22262EC6007844E9 /* Test.app */,
				84673F7E22262EC7007844E9 /* TestTests.xctest */,
				84673F8922262EC7007844E9 /* TestUITests.xctest */,
			);
			name = Products;
			sourceTree = "<group>";
		};
		84673F6C22262EC6007844E9 /* Test */ = {
			isa = PBXGroup;
			children = (
				84673FAC2226A40C007844E9 /* UI */,
				84673FAB2226A3EC007844E9 /* Extension */,
				84673FA92226A399007844E9 /* Model */,
				84673FA622268E41007844E9 /* Controller */,
				84673F9F22263D48007844E9 /* View */,
				84673F6D22262EC6007844E9 /* AppDelegate.swift */,
				84673F6F22262EC6007844E9 /* ViewController.swift */,
				84673F7422262EC7007844E9 /* Assets.xcassets */,
				84673F7922262EC7007844E9 /* Info.plist */,
			);
			path = Test;
			sourceTree = "<group>";
		};
		84673F8122262EC7007844E9 /* TestTests */ = {
			isa = PBXGroup;
			children = (
				84673F8222262EC7007844E9 /* TestTests.swift */,
				84673F8422262EC7007844E9 /* Info.plist */,
			);
			path = TestTests;
			sourceTree = "<group>";
		};
		84673F8C22262EC7007844E9 /* TestUITests */ = {
			isa = PBXGroup;
			children = (
				84673F8D22262EC7007844E9 /* TestUITests.swift */,
				84673F8F22262EC7007844E9 /* Info.plist */,
			);
			path = TestUITests;
			sourceTree = "<group>";
		};
		84673F9F22263D48007844E9 /* View */ = {
			isa = PBXGroup;
			children = (
				84EB7A6622279AFA0044C51D /* TableViewCelll */,
			);
			path = View;
			sourceTree = "<group>";
		};
		84673FA622268E41007844E9 /* Controller */ = {
			isa = PBXGroup;
			children = (
				84EB7A6122278FCC0044C51D /* TableView */,
				84673FAA2226A3A8007844E9 /* Login */,
			);
			path = Controller;
			sourceTree = "<group>";
		};
		84673FA92226A399007844E9 /* Model */ = {
			isa = PBXGroup;
			children = (
			);
			path = Model;
			sourceTree = "<group>";
		};
		84673FAA2226A3A8007844E9 /* Login */ = {
			isa = PBXGroup;
			children = (
				84673FAF2226A493007844E9 /* Login2ViewController.swift */,
				84EB7A5A22277EA00044C51D /* Register2ViewController.swift */,
			);
			path = Login;
			sourceTree = "<group>";
		};
		84673FAB2226A3EC007844E9 /* Extension */ = {
			isa = PBXGroup;
			children = (
				84673FA722268E67007844E9 /* Controller.swift */,
			);
			path = Extension;
			sourceTree = "<group>";
		};
		84673FAC2226A40C007844E9 /* UI */ = {
			isa = PBXGroup;
			children = (
				84673F7122262EC6007844E9 /* Main.storyboard */,
				84673F7622262EC7007844E9 /* LaunchScreen.storyboard */,
				84673FAD2226A46E007844E9 /* Login.storyboard */,
				84EB7A5822277A490044C51D /* Register.storyboard */,
				84EB7A5E22278F900044C51D /* TableViewTest.storyboard */,
			);
			path = UI;
			sourceTree = "<group>";
		};
		84EB7A6122278FCC0044C51D /* TableView */ = {
			isa = PBXGroup;
			children = (
				84EB7A6222278FFC0044C51D /* TableViewTestViewController.swift */,
				84EB7A6B2227AE920044C51D /* UnknownResponse.swift */,
			);
			path = TableView;
			sourceTree = "<group>";
		};
		84EB7A6622279AFA0044C51D /* TableViewCelll */ = {
			isa = PBXGroup;
			children = (
				84EB7A6722279B1A0044C51D /* TestCell.swift */,
				84EB7A6922279B290044C51D /* TestCell.xib */,
			);
			path = TableViewCelll;
			sourceTree = "<group>";
		};
		E31CF9440D98A738479046E0 /* Pods */ = {
			isa = PBXGroup;
			children = (
				1FF93ED7658848AB672839A5 /* Pods-Test.debug.xcconfig */,
				094612BF4BB0D8070E161658 /* Pods-Test.release.xcconfig */,
			);
			path = Pods;
			sourceTree = "<group>";
		};
/* End PBXGroup section */

/* Begin PBXNativeTarget section */
		84673F6922262EC6007844E9 /* Test */ = {
			isa = PBXNativeTarget;
			buildConfigurationList = 84673F9222262EC7007844E9 /* Build configuration list for PBXNativeTarget "Test" */;
			buildPhases = (
				24F0F78417D2C60FE986D912 /* [CP] Check Pods Manifest.lock */,
				84673F6622262EC6007844E9 /* Sources */,
				84673F6722262EC6007844E9 /* Frameworks */,
				84673F6822262EC6007844E9 /* Resources */,
				DE8CD3F4607562501FFCF04E /* [CP] Embed Pods Frameworks */,
			);
			buildRules = (
			);
			dependencies = (
			);
			name = Test;
			productName = Test;
			productReference = 84673F6A22262EC6007844E9 /* Test.app */;
			productType = "com.apple.product-type.application";
		};
		84673F7D22262EC7007844E9 /* TestTests */ = {
			isa = PBXNativeTarget;
			buildConfigurationList = 84673F9522262EC7007844E9 /* Build configuration list for PBXNativeTarget "TestTests" */;
			buildPhases = (
				84673F7A22262EC7007844E9 /* Sources */,
				84673F7B22262EC7007844E9 /* Frameworks */,
				84673F7C22262EC7007844E9 /* Resources */,
			);
			buildRules = (
			);
			dependencies = (
				84673F8022262EC7007844E9 /* PBXTargetDependency */,
			);
			name = TestTests;
			productName = TestTests;
			productReference = 84673F7E22262EC7007844E9 /* TestTests.xctest */;
			productType = "com.apple.product-type.bundle.unit-test";
		};
		84673F8822262EC7007844E9 /* TestUITests */ = {
			isa = PBXNativeTarget;
			buildConfigurationList = 84673F9822262EC7007844E9 /* Build configuration list for PBXNativeTarget "TestUITests" */;
			buildPhases = (
				84673F8522262EC7007844E9 /* Sources */,
				84673F8622262EC7007844E9 /* Frameworks */,
				84673F8722262EC7007844E9 /* Resources */,
			);
			buildRules = (
			);
			dependencies = (
				84673F8B22262EC7007844E9 /* PBXTargetDependency */,
			);
			name = TestUITests;
			productName = TestUITests;
			productReference = 84673F8922262EC7007844E9 /* TestUITests.xctest */;
			productType = "com.apple.product-type.bundle.ui-testing";
		};
/* End PBXNativeTarget section */

/* Begin PBXProject section */
		84673F6222262EC6007844E9 /* Project object */ = {
			isa = PBXProject;
			attributes = {
				LastSwiftUpdateCheck = 1010;
				LastUpgradeCheck = 1010;
				ORGANIZATIONNAME = admin;
				TargetAttributes = {
					84673F6922262EC6007844E9 = {
						CreatedOnToolsVersion = 10.1;
					};
					84673F7D22262EC7007844E9 = {
						CreatedOnToolsVersion = 10.1;
						TestTargetID = 84673F6922262EC6007844E9;
					};
					84673F8822262EC7007844E9 = {
						CreatedOnToolsVersion = 10.1;
						TestTargetID = 84673F6922262EC6007844E9;
					};
				};
			};
			buildConfigurationList = 84673F6522262EC6007844E9 /* Build configuration list for PBXProject "Test" */;
			compatibilityVersion = "Xcode 9.3";
			developmentRegion = en;
			hasScannedForEncodings = 0;
			knownRegions = (
				en,
				Base,
			);
			mainGroup = 84673F6122262EC6007844E9;
			productRefGroup = 84673F6B22262EC6007844E9 /* Products */;
			projectDirPath = "";
			projectRoot = "";
			targets = (
				84673F6922262EC6007844E9 /* Test */,
				84673F7D22262EC7007844E9 /* TestTests */,
				84673F8822262EC7007844E9 /* TestUITests */,
			);
		};
/* End PBXProject section */

/* Begin PBXResourcesBuildPhase section */
		84673F6822262EC6007844E9 /* Resources */ = {
			isa = PBXResourcesBuildPhase;
			buildActionMask = 2147483647;
			files = (
				84EB7A5F22278F900044C51D /* TableViewTest.storyboard in Resources */,
				84673FAE2226A46E007844E9 /* Login.storyboard in Resources */,
				84673F7822262EC7007844E9 /* LaunchScreen.storyboard in Resources */,
				84673F7522262EC7007844E9 /* Assets.xcassets in Resources */,
				84EB7A6A22279B290044C51D /* TestCell.xib in Resources */,
				84673F7322262EC6007844E9 /* Main.storyboard in Resources */,
				84EB7A5922277A490044C51D /* Register.storyboard in Resources */,
			);
			runOnlyForDeploymentPostprocessing = 0;
		};
		84673F7C22262EC7007844E9 /* Resources */ = {
			isa = PBXResourcesBuildPhase;
			buildActionMask = 2147483647;
			files = (
			);
			runOnlyForDeploymentPostprocessing = 0;
		};
		84673F8722262EC7007844E9 /* Resources */ = {
			isa = PBXResourcesBuildPhase;
			buildActionMask = 2147483647;
			files = (
			);
			runOnlyForDeploymentPostprocessing = 0;
		};
/* End PBXResourcesBuildPhase section */

/* Begin PBXShellScriptBuildPhase section */
		24F0F78417D2C60FE986D912 /* [CP] Check Pods Manifest.lock */ = {
			isa = PBXShellScriptBuildPhase;
			buildActionMask = 2147483647;
			files = (
			);
			inputFileListPaths = (
			);
			inputPaths = (
				"${PODS_PODFILE_DIR_PATH}/Podfile.lock",
				"${PODS_ROOT}/Manifest.lock",
			);
			name = "[CP] Check Pods Manifest.lock";
			outputFileListPaths = (
			);
			outputPaths = (
				"$(DERIVED_FILE_DIR)/Pods-Test-checkManifestLockResult.txt",
			);
			runOnlyForDeploymentPostprocessing = 0;
			shellPath = /bin/sh;
			shellScript = "diff \"${PODS_PODFILE_DIR_PATH}/Podfile.lock\" \"${PODS_ROOT}/Manifest.lock\" > /dev/null\nif [ $? != 0 ] ; then\n    # print error to STDERR\n    echo \"error: The sandbox is not in sync with the Podfile.lock. Run 'pod install' or update your CocoaPods installation.\" >&2\n    exit 1\nfi\n# This output is used by Xcode 'outputs' to avoid re-running this script phase.\necho \"SUCCESS\" > \"${SCRIPT_OUTPUT_FILE_0}\"\n";
			showEnvVarsInLog = 0;
		};
		DE8CD3F4607562501FFCF04E /* [CP] Embed Pods Frameworks */ = {
			isa = PBXShellScriptBuildPhase;
			buildActionMask = 2147483647;
			files = (
			);
			inputFileListPaths = (
			);
			inputPaths = (
				"${PODS_ROOT}/Target Support Files/Pods-Test/Pods-Test-frameworks.sh",
				"${BUILT_PRODUCTS_DIR}/Alamofire/Alamofire.framework",
				"${BUILT_PRODUCTS_DIR}/AlamofireObjectMapper/AlamofireObjectMapper.framework",
				"${BUILT_PRODUCTS_DIR}/ObjectMapper/ObjectMapper.framework",
			);
			name = "[CP] Embed Pods Frameworks";
			outputFileListPaths = (
			);
			outputPaths = (
				"${TARGET_BUILD_DIR}/${FRAMEWORKS_FOLDER_PATH}/Alamofire.framework",
				"${TARGET_BUILD_DIR}/${FRAMEWORKS_FOLDER_PATH}/AlamofireObjectMapper.framework",
				"${TARGET_BUILD_DIR}/${FRAMEWORKS_FOLDER_PATH}/ObjectMapper.framework",
			);
			runOnlyForDeploymentPostprocessing = 0;
			shellPath = /bin/sh;
			shellScript = "\"${PODS_ROOT}/Target Support Files/Pods-Test/Pods-Test-frameworks.sh\"\n";
			showEnvVarsInLog = 0;
		};
/* End PBXShellScriptBuildPhase section */

/* Begin PBXSourcesBuildPhase section */
		84673F6622262EC6007844E9 /* Sources */ = {
			isa = PBXSourcesBuildPhase;
			buildActionMask = 2147483647;
			files = (
				84673FA822268E67007844E9 /* Controller.swift in Sources */,
				84673F7022262EC6007844E9 /* ViewController.swift in Sources */,
				84673F6E22262EC6007844E9 /* AppDelegate.swift in Sources */,
				84EB7A6822279B1A0044C51D /* TestCell.swift in Sources */,
				84EB7A5B22277EA00044C51D /* Register2ViewController.swift in Sources */,
				84EB7A6C2227AE920044C51D /* UnknownResponse.swift in Sources */,
				84673FB02226A493007844E9 /* Login2ViewController.swift in Sources */,
				84EB7A6322278FFC0044C51D /* TableViewTestViewController.swift in Sources */,
			);
			runOnlyForDeploymentPostprocessing = 0;
		};
		84673F7A22262EC7007844E9 /* Sources */ = {
			isa = PBXSourcesBuildPhase;
			buildActionMask = 2147483647;
			files = (
				84673F8322262EC7007844E9 /* TestTests.swift in Sources */,
			);
			runOnlyForDeploymentPostprocessing = 0;
		};
		84673F8522262EC7007844E9 /* Sources */ = {
			isa = PBXSourcesBuildPhase;
			buildActionMask = 2147483647;
			files = (
				84673F8E22262EC7007844E9 /* TestUITests.swift in Sources */,
			);
			runOnlyForDeploymentPostprocessing = 0;
		};
/* End PBXSourcesBuildPhase section */

/* Begin PBXTargetDependency section */
		84673F8022262EC7007844E9 /* PBXTargetDependency */ = {
			isa = PBXTargetDependency;
			target = 84673F6922262EC6007844E9 /* Test */;
			targetProxy = 84673F7F22262EC7007844E9 /* PBXContainerItemProxy */;
		};
		84673F8B22262EC7007844E9 /* PBXTargetDependency */ = {
			isa = PBXTargetDependency;
			target = 84673F6922262EC6007844E9 /* Test */;
			targetProxy = 84673F8A22262EC7007844E9 /* PBXContainerItemProxy */;
		};
/* End PBXTargetDependency section */

/* Begin PBXVariantGroup section */
		84673F7122262EC6007844E9 /* Main.storyboard */ = {
			isa = PBXVariantGroup;
			children = (
				84673F7222262EC6007844E9 /* Base */,
			);
			name = Main.storyboard;
			sourceTree = "<group>";
		};
		84673F7622262EC7007844E9 /* LaunchScreen.storyboard */ = {
			isa = PBXVariantGroup;
			children = (
				84673F7722262EC7007844E9 /* Base */,
			);
			name = LaunchScreen.storyboard;
			sourceTree = "<group>";
		};
/* End PBXVariantGroup section */

/* Begin XCBuildConfiguration section */
		84673F9022262EC7007844E9 /* Debug */ = {
			isa = XCBuildConfiguration;
			buildSettings = {
				ALWAYS_SEARCH_USER_PATHS = NO;
				CLANG_ANALYZER_NONNULL = YES;
				CLANG_ANALYZER_NUMBER_OBJECT_CONVERSION = YES_AGGRESSIVE;
				CLANG_CXX_LANGUAGE_STANDARD = "gnu++14";
				CLANG_CXX_LIBRARY = "libc++";
				CLANG_ENABLE_MODULES = YES;
				CLANG_ENABLE_OBJC_ARC = YES;
				CLANG_ENABLE_OBJC_WEAK = YES;
				CLANG_WARN_BLOCK_CAPTURE_AUTORELEASING = YES;
				CLANG_WARN_BOOL_CONVERSION = YES;
				CLANG_WARN_COMMA = YES;
				CLANG_WARN_CONSTANT_CONVERSION = YES;
				CLANG_WARN_DEPRECATED_OBJC_IMPLEMENTATIONS = YES;
				CLANG_WARN_DIRECT_OBJC_ISA_USAGE = YES_ERROR;
				CLANG_WARN_DOCUMENTATION_COMMENTS = YES;
				CLANG_WARN_EMPTY_BODY = YES;
				CLANG_WARN_ENUM_CONVERSION = YES;
				CLANG_WARN_INFINITE_RECURSION = YES;
				CLANG_WARN_INT_CONVERSION = YES;
				CLANG_WARN_NON_LITERAL_NULL_CONVERSION = YES;
				CLANG_WARN_OBJC_IMPLICIT_RETAIN_SELF = YES;
				CLANG_WARN_OBJC_LITERAL_CONVERSION = YES;
				CLANG_WARN_OBJC_ROOT_CLASS = YES_ERROR;
				CLANG_WARN_RANGE_LOOP_ANALYSIS = YES;
				CLANG_WARN_STRICT_PROTOTYPES = YES;
				CLANG_WARN_SUSPICIOUS_MOVE = YES;
				CLANG_WARN_UNGUARDED_AVAILABILITY = YES_AGGRESSIVE;
				CLANG_WARN_UNREACHABLE_CODE = YES;
				CLANG_WARN__DUPLICATE_METHOD_MATCH = YES;
				CODE_SIGN_IDENTITY = "iPhone Developer";
				COPY_PHASE_STRIP = NO;
				DEBUG_INFORMATION_FORMAT = dwarf;
				ENABLE_STRICT_OBJC_MSGSEND = YES;
				ENABLE_TESTABILITY = YES;
				GCC_C_LANGUAGE_STANDARD = gnu11;
				GCC_DYNAMIC_NO_PIC = NO;
				GCC_NO_COMMON_BLOCKS = YES;
				GCC_OPTIMIZATION_LEVEL = 0;
				GCC_PREPROCESSOR_DEFINITIONS = (
					"DEBUG=1",
					"$(inherited)",
				);
				GCC_WARN_64_TO_32_BIT_CONVERSION = YES;
				GCC_WARN_ABOUT_RETURN_TYPE = YES_ERROR;
				GCC_WARN_UNDECLARED_SELECTOR = YES;
				GCC_WARN_UNINITIALIZED_AUTOS = YES_AGGRESSIVE;
				GCC_WARN_UNUSED_FUNCTION = YES;
				GCC_WARN_UNUSED_VARIABLE = YES;
				IPHONEOS_DEPLOYMENT_TARGET = 12.1;
				MTL_ENABLE_DEBUG_INFO = INCLUDE_SOURCE;
				MTL_FAST_MATH = YES;
				ONLY_ACTIVE_ARCH = YES;
				SDKROOT = iphoneos;
				SWIFT_ACTIVE_COMPILATION_CONDITIONS = DEBUG;
				SWIFT_OPTIMIZATION_LEVEL = "-Onone";
			};
			name = Debug;
		};
		84673F9122262EC7007844E9 /* Release */ = {
			isa = XCBuildConfiguration;
			buildSettings = {
				ALWAYS_SEARCH_USER_PATHS = NO;
				CLANG_ANALYZER_NONNULL = YES;
				CLANG_ANALYZER_NUMBER_OBJECT_CONVERSION = YES_AGGRESSIVE;
				CLANG_CXX_LANGUAGE_STANDARD = "gnu++14";
				CLANG_CXX_LIBRARY = "libc++";
				CLANG_ENABLE_MODULES = YES;
				CLANG_ENABLE_OBJC_ARC = YES;
				CLANG_ENABLE_OBJC_WEAK = YES;
				CLANG_WARN_BLOCK_CAPTURE_AUTORELEASING = YES;
				CLANG_WARN_BOOL_CONVERSION = YES;
				CLANG_WARN_COMMA = YES;
				CLANG_WARN_CONSTANT_CONVERSION = YES;
				CLANG_WARN_DEPRECATED_OBJC_IMPLEMENTATIONS = YES;
				CLANG_WARN_DIRECT_OBJC_ISA_USAGE = YES_ERROR;
				CLANG_WARN_DOCUMENTATION_COMMENTS = YES;
				CLANG_WARN_EMPTY_BODY = YES;
				CLANG_WARN_ENUM_CONVERSION = YES;
				CLANG_WARN_INFINITE_RECURSION = YES;
				CLANG_WARN_INT_CONVERSION = YES;
				CLANG_WARN_NON_LITERAL_NULL_CONVERSION = YES;
				CLANG_WARN_OBJC_IMPLICIT_RETAIN_SELF = YES;
				CLANG_WARN_OBJC_LITERAL_CONVERSION = YES;
				CLANG_WARN_OBJC_ROOT_CLASS = YES_ERROR;
				CLANG_WARN_RANGE_LOOP_ANALYSIS = YES;
				CLANG_WARN_STRICT_PROTOTYPES = YES;
				CLANG_WARN_SUSPICIOUS_MOVE = YES;
				CLANG_WARN_UNGUARDED_AVAILABILITY = YES_AGGRESSIVE;
				CLANG_WARN_UNREACHABLE_CODE = YES;
				CLANG_WARN__DUPLICATE_METHOD_MATCH = YES;
				CODE_SIGN_IDENTITY = "iPhone Developer";
				COPY_PHASE_STRIP = NO;
				DEBUG_INFORMATION_FORMAT = "dwarf-with-dsym";
				ENABLE_NS_ASSERTIONS = NO;
				ENABLE_STRICT_OBJC_MSGSEND = YES;
				GCC_C_LANGUAGE_STANDARD = gnu11;
				GCC_NO_COMMON_BLOCKS = YES;
				GCC_WARN_64_TO_32_BIT_CONVERSION = YES;
				GCC_WARN_ABOUT_RETURN_TYPE = YES_ERROR;
				GCC_WARN_UNDECLARED_SELECTOR = YES;
				GCC_WARN_UNINITIALIZED_AUTOS = YES_AGGRESSIVE;
				GCC_WARN_UNUSED_FUNCTION = YES;
				GCC_WARN_UNUSED_VARIABLE = YES;
				IPHONEOS_DEPLOYMENT_TARGET = 12.1;
				MTL_ENABLE_DEBUG_INFO = NO;
				MTL_FAST_MATH = YES;
				SDKROOT = iphoneos;
				SWIFT_COMPILATION_MODE = wholemodule;
				SWIFT_OPTIMIZATION_LEVEL = "-O";
				VALIDATE_PRODUCT = YES;
			};
			name = Release;
		};
		84673F9322262EC7007844E9 /* Debug */ = {
			isa = XCBuildConfiguration;
			baseConfigurationReference = 1FF93ED7658848AB672839A5 /* Pods-Test.debug.xcconfig */;
			buildSettings = {
				ASSETCATALOG_COMPILER_APPICON_NAME = AppIcon;
				CODE_SIGN_STYLE = Automatic;
				DEVELOPMENT_TEAM = TXL2XT7B7X;
				INFOPLIST_FILE = Test/Info.plist;
				LD_RUNPATH_SEARCH_PATHS = (
					"$(inherited)",
					"@executable_path/Frameworks",
				);
				PRODUCT_BUNDLE_IDENTIFIER = Test;
				PRODUCT_NAME = "$(TARGET_NAME)";
				SWIFT_VERSION = 4.2;
				TARGETED_DEVICE_FAMILY = "1,2";
			};
			name = Debug;
		};
		84673F9422262EC7007844E9 /* Release */ = {
			isa = XCBuildConfiguration;
			baseConfigurationReference = 094612BF4BB0D8070E161658 /* Pods-Test.release.xcconfig */;
			buildSettings = {
				ASSETCATALOG_COMPILER_APPICON_NAME = AppIcon;
				CODE_SIGN_STYLE = Automatic;
				DEVELOPMENT_TEAM = TXL2XT7B7X;
				INFOPLIST_FILE = Test/Info.plist;
				LD_RUNPATH_SEARCH_PATHS = (
					"$(inherited)",
					"@executable_path/Frameworks",
				);
				PRODUCT_BUNDLE_IDENTIFIER = Test;
				PRODUCT_NAME = "$(TARGET_NAME)";
				SWIFT_VERSION = 4.2;
				TARGETED_DEVICE_FAMILY = "1,2";
			};
			name = Release;
		};
		84673F9622262EC7007844E9 /* Debug */ = {
			isa = XCBuildConfiguration;
			buildSettings = {
				ALWAYS_EMBED_SWIFT_STANDARD_LIBRARIES = YES;
				BUNDLE_LOADER = "$(TEST_HOST)";
				CODE_SIGN_STYLE = Automatic;
				INFOPLIST_FILE = TestTests/Info.plist;
				LD_RUNPATH_SEARCH_PATHS = (
					"$(inherited)",
					"@executable_path/Frameworks",
					"@loader_path/Frameworks",
				);
				PRODUCT_BUNDLE_IDENTIFIER = Test.TestTests;
				PRODUCT_NAME = "$(TARGET_NAME)";
				SWIFT_VERSION = 4.2;
				TARGETED_DEVICE_FAMILY = "1,2";
				TEST_HOST = "$(BUILT_PRODUCTS_DIR)/Test.app/Test";
			};
			name = Debug;
		};
		84673F9722262EC7007844E9 /* Release */ = {
			isa = XCBuildConfiguration;
			buildSettings = {
				ALWAYS_EMBED_SWIFT_STANDARD_LIBRARIES = YES;
				BUNDLE_LOADER = "$(TEST_HOST)";
				CODE_SIGN_STYLE = Automatic;
				INFOPLIST_FILE = TestTests/Info.plist;
				LD_RUNPATH_SEARCH_PATHS = (
					"$(inherited)",
					"@executable_path/Frameworks",
					"@loader_path/Frameworks",
				);
				PRODUCT_BUNDLE_IDENTIFIER = Test.TestTests;
				PRODUCT_NAME = "$(TARGET_NAME)";
				SWIFT_VERSION = 4.2;
				TARGETED_DEVICE_FAMILY = "1,2";
				TEST_HOST = "$(BUILT_PRODUCTS_DIR)/Test.app/Test";
			};
			name = Release;
		};
		84673F9922262EC7007844E9 /* Debug */ = {
			isa = XCBuildConfiguration;
			buildSettings = {
				ALWAYS_EMBED_SWIFT_STANDARD_LIBRARIES = YES;
				CODE_SIGN_STYLE = Automatic;
				INFOPLIST_FILE = TestUITests/Info.plist;
				LD_RUNPATH_SEARCH_PATHS = (
					"$(inherited)",
					"@executable_path/Frameworks",
					"@loader_path/Frameworks",
				);
				PRODUCT_BUNDLE_IDENTIFIER = Test.TestUITests;
				PRODUCT_NAME = "$(TARGET_NAME)";
				SWIFT_VERSION = 4.2;
				TARGETED_DEVICE_FAMILY = "1,2";
				TEST_TARGET_NAME = Test;
			};
			name = Debug;
		};
		84673F9A22262EC7007844E9 /* Release */ = {
			isa = XCBuildConfiguration;
			buildSettings = {
				ALWAYS_EMBED_SWIFT_STANDARD_LIBRARIES = YES;
				CODE_SIGN_STYLE = Automatic;
				INFOPLIST_FILE = TestUITests/Info.plist;
				LD_RUNPATH_SEARCH_PATHS = (
					"$(inherited)",
					"@executable_path/Frameworks",
					"@loader_path/Frameworks",
				);
				PRODUCT_BUNDLE_IDENTIFIER = Test.TestUITests;
				PRODUCT_NAME = "$(TARGET_NAME)";
				SWIFT_VERSION = 4.2;
				TARGETED_DEVICE_FAMILY = "1,2";
				TEST_TARGET_NAME = Test;
			};
			name = Release;
		};
/* End XCBuildConfiguration section */

/* Begin XCConfigurationList section */
		84673F6522262EC6007844E9 /* Build configuration list for PBXProject "Test" */ = {
			isa = XCConfigurationList;
			buildConfigurations = (
				84673F9022262EC7007844E9 /* Debug */,
				84673F9122262EC7007844E9 /* Release */,
			);
			defaultConfigurationIsVisible = 0;
			defaultConfigurationName = Release;
		};
		84673F9222262EC7007844E9 /* Build configuration list for PBXNativeTarget "Test" */ = {
			isa = XCConfigurationList;
			buildConfigurations = (
				84673F9322262EC7007844E9 /* Debug */,
				84673F9422262EC7007844E9 /* Release */,
			);
			defaultConfigurationIsVisible = 0;
			defaultConfigurationName = Release;
		};
		84673F9522262EC7007844E9 /* Build configuration list for PBXNativeTarget "TestTests" */ = {
			isa = XCConfigurationList;
			buildConfigurations = (
				84673F9622262EC7007844E9 /* Debug */,
				84673F9722262EC7007844E9 /* Release */,
			);
			defaultConfigurationIsVisible = 0;
			defaultConfigurationName = Release;
		};
		84673F9822262EC7007844E9 /* Build configuration list for PBXNativeTarget "TestUITests" */ = {
			isa = XCConfigurationList;
			buildConfigurations = (
				84673F9922262EC7007844E9 /* Debug */,
				84673F9A22262EC7007844E9 /* Release */,
			);
			defaultConfigurationIsVisible = 0;
			defaultConfigurationName = Release;
		};
/* End XCConfigurationList section */
	};
	rootObject = 84673F6222262EC6007844E9 /* Project object */;
}
